{
  "name": "2019",
  "version": "1.0.0",
  "lockfileVersion": 1,
  "requires": true,
  "dependencies": {
    "javascript-astar": {
      "version": "0.4.1",
      "resolved": "https://registry.npmjs.org/javascript-astar/-/javascript-astar-0.4.1.tgz",
      "integrity": "sha1-5J3ZoVNcmphnUJH3JY5p2YOBFwM="
    }
  }
}
