{
  "name": "2022",
  "version": "1.0.0",
  "lockfileVersion": 2,
  "requires": true,
  "packages": {
    "": {
      "name": "2022",
      "version": "1.0.0",
      "license": "ISC",
      "dependencies": {
        "javascript-astar": "^0.4.1",
        "javascript-priority-queue": "^1.0.0"
      }
    },
    "node_modules/javascript-astar": {
      "version": "0.4.1",
      "resolved": "https://registry.npmjs.org/javascript-astar/-/javascript-astar-0.4.1.tgz",
      "integrity": "sha512-/SlmWkL/Ww0tu737MLvKMe2LC4sr081bL4YOgwgugFbKUjxTuQ6WLzGkibCo4buubWo0yT52bbHZlhwcwAYCzQ=="
    },
    "node_modules/javascript-priority-queue": {
      "version": "1.0.0",
      "resolved": "https://registry.npmjs.org/javascript-priority-queue/-/javascript-priority-queue-1.0.0.tgz",
      "integrity": "sha512-tqkAgEvWwpHkN7JXokJC9q1ixnGwert75CY+w9ifezifORbZ0GL52hRmbZwhfi1mSMFWs12khXdhf7OlNuaHOQ=="
    }
  },
  "dependencies": {
    "javascript-astar": {
      "version": "0.4.1",
      "resolved": "https://registry.npmjs.org/javascript-astar/-/javascript-astar-0.4.1.tgz",
      "integrity": "sha512-/SlmWkL/Ww0tu737MLvKMe2LC4sr081bL4YOgwgugFbKUjxTuQ6WLzGkibCo4buubWo0yT52bbHZlhwcwAYCzQ=="
    },
    "javascript-priority-queue": {
      "version": "1.0.0",
      "resolved": "https://registry.npmjs.org/javascript-priority-queue/-/javascript-priority-queue-1.0.0.tgz",
      "integrity": "sha512-tqkAgEvWwpHkN7JXokJC9q1ixnGwert75CY+w9ifezifORbZ0GL52hRmbZwhfi1mSMFWs12khXdhf7OlNuaHOQ=="
    }
  }
}
